// !$*UTF8*$!
{
	archiveVersion = 1;
	classes = {
	};
	objectVersion = 46;
	objects = {

/* Begin PBXBuildFile section */
		3D3C83681B9B33AF001196B0 /* AppDelegate.swift in Sources */ = {isa = PBXBuildFile; fileRef = 3D3C83671B9B33AF001196B0 /* AppDelegate.swift */; };
		3D3C836A1B9B33AF001196B0 /* ViewController.swift in Sources */ = {isa = PBXBuildFile; fileRef = 3D3C83691B9B33AF001196B0 /* ViewController.swift */; };
		3D3C836D1B9B33AF001196B0 /* Main.storyboard in Resources */ = {isa = PBXBuildFile; fileRef = 3D3C836B1B9B33AF001196B0 /* Main.storyboard */; };
		3D3C836F1B9B33AF001196B0 /* Images.xcassets in Resources */ = {isa = PBXBuildFile; fileRef = 3D3C836E1B9B33AF001196B0 /* Images.xcassets */; };
		3D3C83721B9B33AF001196B0 /* LaunchScreen.xib in Resources */ = {isa = PBXBuildFile; fileRef = 3D3C83701B9B33AF001196B0 /* LaunchScreen.xib */; };
		3D3C837E1B9B33AF001196B0 /* testappTests.swift in Sources */ = {isa = PBXBuildFile; fileRef = 3D3C837D1B9B33AF001196B0 /* testappTests.swift */; };
		66A1DAB38CB05B61849CB744 /* libPods-testapp.a in Frameworks */ = {isa = PBXBuildFile; fileRef = A828960692624FF443B18CC8 /* libPods-testapp.a */; };
/* End PBXBuildFile section */

/* Begin PBXContainerItemProxy section */
		3D3C83781B9B33AF001196B0 /* PBXContainerItemProxy */ = {
			isa = PBXContainerItemProxy;
			containerPortal = 3D3C835A1B9B33AF001196B0 /* Project object */;
			proxyType = 1;
			remoteGlobalIDString = 3D3C83611B9B33AF001196B0;
			remoteInfo = testapp;
		};
/* End PBXContainerItemProxy section */

/* Begin PBXFileReference section */
		3D3C83621B9B33AF001196B0 /* testapp.app */ = {isa = PBXFileReference; explicitFileType = wrapper.application; includeInIndex = 0; path = testapp.app; sourceTree = BUILT_PRODUCTS_DIR; };
		3D3C83661B9B33AF001196B0 /* Info.plist */ = {isa = PBXFileReference; lastKnownFileType = text.plist.xml; path = Info.plist; sourceTree = "<group>"; };
		3D3C83671B9B33AF001196B0 /* AppDelegate.swift */ = {isa = PBXFileReference; lastKnownFileType = sourcecode.swift; path = AppDelegate.swift; sourceTree = "<group>"; };
		3D3C83691B9B33AF001196B0 /* ViewController.swift */ = {isa = PBXFileReference; lastKnownFileType = sourcecode.swift; path = ViewController.swift; sourceTree = "<group>"; };
		3D3C836C1B9B33AF001196B0 /* Base */ = {isa = PBXFileReference; lastKnownFileType = file.storyboard; name = Base; path = Base.lproj/Main.storyboard; sourceTree = "<group>"; };
		3D3C836E1B9B33AF001196B0 /* Images.xcassets */ = {isa = PBXFileReference; lastKnownFileType = folder.assetcatalog; path = Images.xcassets; sourceTree = "<group>"; };
		3D3C83711B9B33AF001196B0 /* Base */ = {isa = PBXFileReference; lastKnownFileType = file.xib; name = Base; path = Base.lproj/LaunchScreen.xib; sourceTree = "<group>"; };
		3D3C83771B9B33AF001196B0 /* testappTests.xctest */ = {isa = PBXFileReference; explicitFileType = wrapper.cfbundle; includeInIndex = 0; path = testappTests.xctest; sourceTree = BUILT_PRODUCTS_DIR; };
		3D3C837C1B9B33AF001196B0 /* Info.plist */ = {isa = PBXFileReference; lastKnownFileType = text.plist.xml; path = Info.plist; sourceTree = "<group>"; };
		3D3C837D1B9B33AF001196B0 /* testappTests.swift */ = {isa = PBXFileReference; lastKnownFileType = sourcecode.swift; path = testappTests.swift; sourceTree = "<group>"; };
		9090956EB31BBCFBE3632511 /* Pods-testapp.release.xcconfig */ = {isa = PBXFileReference; includeInIndex = 1; lastKnownFileType = text.xcconfig; name = "Pods-testapp.release.xcconfig"; path = "Pods/Target Support Files/Pods-testapp/Pods-testapp.release.xcconfig"; sourceTree = "<group>"; };
		A828960692624FF443B18CC8 /* libPods-testapp.a */ = {isa = PBXFileReference; explicitFileType = archive.ar; includeInIndex = 0; path = "libPods-testapp.a"; sourceTree = BUILT_PRODUCTS_DIR; };
		F26D1444DDF023CDDA29DB7F /* Pods-testapp.debug.xcconfig */ = {isa = PBXFileReference; includeInIndex = 1; lastKnownFileType = text.xcconfig; name = "Pods-testapp.debug.xcconfig"; path = "Pods/Target Support Files/Pods-testapp/Pods-testapp.debug.xcconfig"; sourceTree = "<group>"; };
/* End PBXFileReference section */

/* Begin PBXFrameworksBuildPhase section */
		3D3C835F1B9B33AF001196B0 /* Frameworks */ = {
			isa = PBXFrameworksBuildPhase;
			buildActionMask = 2147483647;
			files = (
				66A1DAB38CB05B61849CB744 /* libPods-testapp.a in Frameworks */,
			);
			runOnlyForDeploymentPostprocessing = 0;
		};
		3D3C83741B9B33AF001196B0 /* Frameworks */ = {
			isa = PBXFrameworksBuildPhase;
			buildActionMask = 2147483647;
			files = (
			);
			runOnlyForDeploymentPostprocessing = 0;
		};
/* End PBXFrameworksBuildPhase section */

/* Begin PBXGroup section */
		1D260A901B91D10CF1070119 /* Frameworks */ = {
			isa = PBXGroup;
			children = (
				A828960692624FF443B18CC8 /* libPods-testapp.a */,
			);
			name = Frameworks;
			sourceTree = "<group>";
		};
		3D3C83591B9B33AF001196B0 = {
			isa = PBXGroup;
			children = (
				3D3C83641B9B33AF001196B0 /* testapp */,
				3D3C837A1B9B33AF001196B0 /* testappTests */,
				3D3C83631B9B33AF001196B0 /* Products */,
				43FA5B5F7DE29878A488B398 /* Pods */,
				1D260A901B91D10CF1070119 /* Frameworks */,
			);
			sourceTree = "<group>";
		};
		3D3C83631B9B33AF001196B0 /* Products */ = {
			isa = PBXGroup;
			children = (
				3D3C83621B9B33AF001196B0 /* testapp.app */,
				3D3C83771B9B33AF001196B0 /* testappTests.xctest */,
			);
			name = Products;
			sourceTree = "<group>";
		};
		3D3C83641B9B33AF001196B0 /* testapp */ = {
			isa = PBXGroup;
			children = (
				3D3C83671B9B33AF001196B0 /* AppDelegate.swift */,
				3D3C83691B9B33AF001196B0 /* ViewController.swift */,
				3D3C836B1B9B33AF001196B0 /* Main.storyboard */,
				3D3C836E1B9B33AF001196B0 /* Images.xcassets */,
				3D3C83701B9B33AF001196B0 /* LaunchScreen.xib */,
				3D3C83651B9B33AF001196B0 /* Supporting Files */,
			);
			path = testapp;
			sourceTree = "<group>";
		};
		3D3C83651B9B33AF001196B0 /* Supporting Files */ = {
			isa = PBXGroup;
			children = (
				3D3C83661B9B33AF001196B0 /* Info.plist */,
			);
			name = "Supporting Files";
			sourceTree = "<group>";
		};
		3D3C837A1B9B33AF001196B0 /* testappTests */ = {
			isa = PBXGroup;
			children = (
				3D3C837D1B9B33AF001196B0 /* testappTests.swift */,
				3D3C837B1B9B33AF001196B0 /* Supporting Files */,
			);
			path = testappTests;
			sourceTree = "<group>";
		};
		3D3C837B1B9B33AF001196B0 /* Supporting Files */ = {
			isa = PBXGroup;
			children = (
				3D3C837C1B9B33AF001196B0 /* Info.plist */,
			);
			name = "Supporting Files";
			sourceTree = "<group>";
		};
		43FA5B5F7DE29878A488B398 /* Pods */ = {
			isa = PBXGroup;
			children = (
				F26D1444DDF023CDDA29DB7F /* Pods-testapp.debug.xcconfig */,
				9090956EB31BBCFBE3632511 /* Pods-testapp.release.xcconfig */,
			);
			name = Pods;
			sourceTree = "<group>";
		};
/* End PBXGroup section */

/* Begin PBXNativeTarget section */
		3D3C83611B9B33AF001196B0 /* testapp */ = {
			isa = PBXNativeTarget;
			buildConfigurationList = 3D3C83811B9B33AF001196B0 /* Build configuration list for PBXNativeTarget "testapp" */;
			buildPhases = (
				97669A75A3B495EAB66B7722 /* Check Pods Manifest.lock */,
				3D3C835E1B9B33AF001196B0 /* Sources */,
				3D3C835F1B9B33AF001196B0 /* Frameworks */,
				3D3C83601B9B33AF001196B0 /* Resources */,
				0A6A3FEF46DAFDC904284C3D /* Copy Pods Resources */,
			);
			buildRules = (
			);
			dependencies = (
			);
			name = testapp;
			productName = testapp;
			productReference = 3D3C83621B9B33AF001196B0 /* testapp.app */;
			productType = "com.apple.product-type.application";
		};
		3D3C83761B9B33AF001196B0 /* testappTests */ = {
			isa = PBXNativeTarget;
			buildConfigurationList = 3D3C83841B9B33AF001196B0 /* Build configuration list for PBXNativeTarget "testappTests" */;
			buildPhases = (
				3D3C83731B9B33AF001196B0 /* Sources */,
				3D3C83741B9B33AF001196B0 /* Frameworks */,
				3D3C83751B9B33AF001196B0 /* Resources */,
			);
			buildRules = (
			);
			dependencies = (
				3D3C83791B9B33AF001196B0 /* PBXTargetDependency */,
			);
			name = testappTests;
			productName = testappTests;
			productReference = 3D3C83771B9B33AF001196B0 /* testappTests.xctest */;
			productType = "com.apple.product-type.bundle.unit-test";
		};
/* End PBXNativeTarget section */

/* Begin PBXProject section */
		3D3C835A1B9B33AF001196B0 /* Project object */ = {
			isa = PBXProject;
			attributes = {
				LastUpgradeCheck = 0640;
				ORGANIZATIONNAME = TimLin;
				TargetAttributes = {
					3D3C83611B9B33AF001196B0 = {
						CreatedOnToolsVersion = 6.4;
					};
					3D3C83761B9B33AF001196B0 = {
						CreatedOnToolsVersion = 6.4;
						TestTargetID = 3D3C83611B9B33AF001196B0;
					};
				};
			};
			buildConfigurationList = 3D3C835D1B9B33AF001196B0 /* Build configuration list for PBXProject "testapp" */;
			compatibilityVersion = "Xcode 3.2";
			developmentRegion = English;
			hasScannedForEncodings = 0;
			knownRegions = (
				en,
				Base,
			);
			mainGroup = 3D3C83591B9B33AF001196B0;
			productRefGroup = 3D3C83631B9B33AF001196B0 /* Products */;
			projectDirPath = "";
			projectRoot = "";
			targets = (
				3D3C83611B9B33AF001196B0 /* testapp */,
				3D3C83761B9B33AF001196B0 /* testappTests */,
			);
		};
/* End PBXProject section */

/* Begin PBXResourcesBuildPhase section */
		3D3C83601B9B33AF001196B0 /* Resources */ = {
			isa = PBXResourcesBuildPhase;
			buildActionMask = 2147483647;
			files = (
				3D3C836D1B9B33AF001196B0 /* Main.storyboard in Resources */,
				3D3C83721B9B33AF001196B0 /* LaunchScreen.xib in Resources */,
				3D3C836F1B9B33AF001196B0 /* Images.xcassets in Resources */,
			);
			runOnlyForDeploymentPostprocessing = 0;
		};
		3D3C83751B9B33AF001196B0 /* Resources */ = {
			isa = PBXResourcesBuildPhase;
			buildActionMask = 2147483647;
			files = (
			);
			runOnlyForDeploymentPostprocessing = 0;
		};
/* End PBXResourcesBuildPhase section */

/* Begin PBXShellScriptBuildPhase section */
		0A6A3FEF46DAFDC904284C3D /* Copy Pods Resources */ = {
			isa = PBXShellScriptBuildPhase;
			buildActionMask = 2147483647;
			files = (
			);
			inputPaths = (
			);
			name = "Copy Pods Resources";
			outputPaths = (
			);
			runOnlyForDeploymentPostprocessing = 0;
			shellPath = /bin/sh;
			shellScript = "\"${SRCROOT}/Pods/Target Support Files/Pods-testapp/Pods-testapp-resources.sh\"\n";
			showEnvVarsInLog = 0;
		};
		97669A75A3B495EAB66B7722 /* Check Pods Manifest.lock */ = {
			isa = PBXShellScriptBuildPhase;
			buildActionMask = 2147483647;
			files = (
			);
			inputPaths = (
			);
			name = "Check Pods Manifest.lock";
			outputPaths = (
			);
			runOnlyForDeploymentPostprocessing = 0;
			shellPath = /bin/sh;
			shellScript = "diff \"${PODS_ROOT}/../Podfile.lock\" \"${PODS_ROOT}/Manifest.lock\" > /dev/null\nif [[ $? != 0 ]] ; then\n    cat << EOM\nerror: The sandbox is not in sync with the Podfile.lock. Run 'pod install' or update your CocoaPods installation.\nEOM\n    exit 1\nfi\n";
			showEnvVarsInLog = 0;
		};
/* End PBXShellScriptBuildPhase section */

/* Begin PBXSourcesBuildPhase section */
		3D3C835E1B9B33AF001196B0 /* Sources */ = {
			isa = PBXSourcesBuildPhase;
			buildActionMask = 2147483647;
			files = (
				3D3C836A1B9B33AF001196B0 /* ViewController.swift in Sources */,
				3D3C83681B9B33AF001196B0 /* AppDelegate.swift in Sources */,
			);
			runOnlyForDeploymentPostprocessing = 0;
		};
		3D3C83731B9B33AF001196B0 /* Sources */ = {
			isa = PBXSourcesBuildPhase;
			buildActionMask = 2147483647;
			files = (
				3D3C837E1B9B33AF001196B0 /* testappTests.swift in Sources */,
			);
			runOnlyForDeploymentPostprocessing = 0;
		};
/* End PBXSourcesBuildPhase section */

/* Begin PBXTargetDependency section */
		3D3C83791B9B33AF001196B0 /* PBXTargetDependency */ = {
			isa = PBXTargetDependency;
			target = 3D3C83611B9B33AF001196B0 /* testapp */;
			targetProxy = 3D3C83781B9B33AF001196B0 /* PBXContainerItemProxy */;
		};
/* End PBXTargetDependency section */

/* Begin PBXVariantGroup section */
		3D3C836B1B9B33AF001196B0 /* Main.storyboard */ = {
			isa = PBXVariantGroup;
			children = (
				3D3C836C1B9B33AF001196B0 /* Base */,
			);
			name = Main.storyboard;
			sourceTree = "<group>";
		};
		3D3C83701B9B33AF001196B0 /* LaunchScreen.xib */ = {
			isa = PBXVariantGroup;
			children = (
				3D3C83711B9B33AF001196B0 /* Base */,
			);
			name = LaunchScreen.xib;
			sourceTree = "<group>";
		};
/* End PBXVariantGroup section */

/* Begin XCBuildConfiguration section */
		3D3C837F1B9B33AF001196B0 /* Debug */ = {
			isa = XCBuildConfiguration;
			buildSettings = {
				ALWAYS_SEARCH_USER_PATHS = NO;
				CLANG_CXX_LANGUAGE_STANDARD = "gnu++0x";
				CLANG_CXX_LIBRARY = "libc++";
				CLANG_ENABLE_MODULES = YES;
				CLANG_ENABLE_OBJC_ARC = YES;
				CLANG_WARN_BOOL_CONVERSION = YES;
				CLANG_WARN_CONSTANT_CONVERSION = YES;
				CLANG_WARN_DIRECT_OBJC_ISA_USAGE = YES_ERROR;
				CLANG_WARN_EMPTY_BODY = YES;
				CLANG_WARN_ENUM_CONVERSION = YES;
				CLANG_WARN_INT_CONVERSION = YES;
				CLANG_WARN_OBJC_ROOT_CLASS = YES_ERROR;
				CLANG_WARN_UNREACHABLE_CODE = YES;
				CLANG_WARN__DUPLICATE_METHOD_MATCH = YES;
				"CODE_SIGN_IDENTITY[sdk=iphoneos*]" = "iPhone Developer";
				COPY_PHASE_STRIP = NO;
				DEBUG_INFORMATION_FORMAT = "dwarf-with-dsym";
				ENABLE_STRICT_OBJC_MSGSEND = YES;
				GCC_C_LANGUAGE_STANDARD = gnu99;
				GCC_DYNAMIC_NO_PIC = NO;
				GCC_NO_COMMON_BLOCKS = YES;
				GCC_OPTIMIZATION_LEVEL = 0;
				GCC_PREPROCESSOR_DEFINITIONS = (
					"DEBUG=1",
					"$(inherited)",
				);
				GCC_SYMBOLS_PRIVATE_EXTERN = NO;
				GCC_WARN_64_TO_32_BIT_CONVERSION = YES;
				GCC_WARN_ABOUT_RETURN_TYPE = YES_ERROR;
				GCC_WARN_UNDECLARED_SELECTOR = YES;
				GCC_WARN_UNINITIALIZED_AUTOS = YES_AGGRESSIVE;
				GCC_WARN_UNUSED_FUNCTION = YES;
				GCC_WARN_UNUSED_VARIABLE = YES;
				IPHONEOS_DEPLOYMENT_TARGET = 8.4;
				MTL_ENABLE_DEBUG_INFO = YES;
				ONLY_ACTIVE_ARCH = YES;
				SDKROOT = iphoneos;
				SWIFT_OPTIMIZATION_LEVEL = "-Onone";
				TARGETED_DEVICE_FAMILY = "1,2";
			};
			name = Debug;
		};
		3D3C83801B9B33AF001196B0 /* Release */ = {
			isa = XCBuildConfiguration;
			buildSettings = {
				ALWAYS_SEARCH_USER_PATHS = NO;
				CLANG_CXX_LANGUAGE_STANDARD = "gnu++0x";
				CLANG_CXX_LIBRARY = "libc++";
				CLANG_ENABLE_MODULES = YES;
				CLANG_ENABLE_OBJC_ARC = YES;
				CLANG_WARN_BOOL_CONVERSION = YES;
				CLANG_WARN_CONSTANT_CONVERSION = YES;
				CLANG_WARN_DIRECT_OBJC_ISA_USAGE = YES_ERROR;
				CLANG_WARN_EMPTY_BODY = YES;
				CLANG_WARN_ENUM_CONVERSION = YES;
				CLANG_WARN_INT_CONVERSION = YES;
				CLANG_WARN_OBJC_ROOT_CLASS = YES_ERROR;
				CLANG_WARN_UNREACHABLE_CODE = YES;
				CLANG_WARN__DUPLICATE_METHOD_MATCH = YES;
				"CODE_SIGN_IDENTITY[sdk=iphoneos*]" = "iPhone Developer";
				COPY_PHASE_STRIP = NO;
				DEBUG_INFORMATION_FORMAT = "dwarf-with-dsym";
				ENABLE_NS_ASSERTIONS = NO;
				ENABLE_STRICT_OBJC_MSGSEND = YES;
				GCC_C_LANGUAGE_STANDARD = gnu99;
				GCC_NO_COMMON_BLOCKS = YES;
				GCC_WARN_64_TO_32_BIT_CONVERSION = YES;
				GCC_WARN_ABOUT_RETURN_TYPE = YES_ERROR;
				GCC_WARN_UNDECLARED_SELECTOR = YES;
				GCC_WARN_UNINITIALIZED_AUTOS = YES_AGGRESSIVE;
				GCC_WARN_UNUSED_FUNCTION = YES;
				GCC_WARN_UNUSED_VARIABLE = YES;
				IPHONEOS_DEPLOYMENT_TARGET = 8.4;
				MTL_ENABLE_DEBUG_INFO = NO;
				SDKROOT = iphoneos;
				TARGETED_DEVICE_FAMILY = "1,2";
				VALIDATE_PRODUCT = YES;
			};
			name = Release;
		};
		3D3C83821B9B33AF001196B0 /* Debug */ = {
			isa = XCBuildConfiguration;
			baseConfigurationReference = F26D1444DDF023CDDA29DB7F /* Pods-testapp.debug.xcconfig */;
			buildSettings = {
				ASSETCATALOG_COMPILER_APPICON_NAME = AppIcon;
				INFOPLIST_FILE = testapp/Info.plist;
				LD_RUNPATH_SEARCH_PATHS = "$(inherited) @executable_path/Frameworks";
				PRODUCT_NAME = "$(TARGET_NAME)";
			};
			name = Debug;
		};
		3D3C83831B9B33AF001196B0 /* Release */ = {
			isa = XCBuildConfiguration;
			baseConfigurationReference = 9090956EB31BBCFBE3632511 /* Pods-testapp.release.xcconfig */;
			buildSettings = {
				ASSETCATALOG_COMPILER_APPICON_NAME = AppIcon;
				INFOPLIST_FILE = testapp/Info.plist;
				LD_RUNPATH_SEARCH_PATHS = "$(inherited) @executable_path/Frameworks";
				PRODUCT_NAME = "$(TARGET_NAME)";
			};
			name = Release;
		};
		3D3C83851B9B33AF001196B0 /* Debug */ = {
			isa = XCBuildConfiguration;
			buildSettings = {
				BUNDLE_LOADER = "$(TEST_HOST)";
				FRAMEWORK_SEARCH_PATHS = (
					"$(SDKROOT)/Developer/Library/Frameworks",
					"$(inherited)",
				);
				GCC_PREPROCESSOR_DEFINITIONS = (
					"DEBUG=1",
					"$(inherited)",
				);
				INFOPLIST_FILE = testappTests/Info.plist;
				LD_RUNPATH_SEARCH_PATHS = "$(inherited) @executable_path/Frameworks @loader_path/Frameworks";
				PRODUCT_NAME = "$(TARGET_NAME)";
				TEST_HOST = "$(BUILT_PRODUCTS_DIR)/testapp.app/testapp";
			};
			name = Debug;
		};
		3D3C83861B9B33AF001196B0 /* Release */ = {
			isa = XCBuildConfiguration;
			buildSettings = {
				BUNDLE_LOADER = "$(TEST_HOST)";
				FRAMEWORK_SEARCH_PATHS = (
					"$(SDKROOT)/Developer/Library/Frameworks",
					"$(inherited)",
				);
				INFOPLIST_FILE = testappTests/Info.plist;
				LD_RUNPATH_SEARCH_PATHS = "$(inherited) @executable_path/Frameworks @loader_path/Frameworks";
				PRODUCT_NAME = "$(TARGET_NAME)";
				TEST_HOST = "$(BUILT_PRODUCTS_DIR)/testapp.app/testapp";
			};
			name = Release;
		};
/* End XCBuildConfiguration section */

/* Begin XCConfigurationList section */
		3D3C835D1B9B33AF001196B0 /* Build configuration list for PBXProject "testapp" */ = {
			isa = XCConfigurationList;
			buildConfigurations = (
				3D3C837F1B9B33AF001196B0 /* Debug */,
				3D3C83801B9B33AF001196B0 /* Release */,
			);
			defaultConfigurationIsVisible = 0;
			defaultConfigurationName = Release;
		};
		3D3C83811B9B33AF001196B0 /* Build configuration list for PBXNativeTarget "testapp" */ = {
			isa = XCConfigurationList;
			buildConfigurations = (
				3D3C83821B9B33AF001196B0 /* Debug */,
				3D3C83831B9B33AF001196B0 /* Release */,
			);
			defaultConfigurationIsVisible = 0;
			defaultConfigurationName = Release;
		};
		3D3C83841B9B33AF001196B0 /* Build configuration list for PBXNativeTarget "testappTests" */ = {
			isa = XCConfigurationList;
			buildConfigurations = (
				3D3C83851B9B33AF001196B0 /* Debug */,
				3D3C83861B9B33AF001196B0 /* Release */,
			);
			defaultConfigurationIsVisible = 0;
			defaultConfigurationName = Release;
		};
/* End XCConfigurationList section */
	};
	rootObject = 3D3C835A1B9B33AF001196B0 /* Project object */;
}
